
Microsoft Visual Studio Solution File, Format Version 12.00
# Visual Studio Version 16
VisualStudioVersion = 16.0.33130.400
MinimumVisualStudioVersion = 10.0.40219.1
Project("{FAE04EC0-301F-11D3-BF4B-00C04F79EFBC}") = "WindowsFormsApp1", "WindowsFormsApp1.csproj", "{988EAA5E-6719-4B5B-B9F6-FD26C04EBBA4}"
EndProject
Global
	GlobalSection(SolutionConfigurationPlatforms) = preSolution
		Debug|Any CPU = Debug|Any CPU
		Release|Any CPU = Release|Any CPU
	EndGlobalSection
	GlobalSection(ProjectConfigurationPlatforms) = postSolution
		{988EAA5E-6719-4B5B-B9F6-FD26C04EBBA4}.Debug|Any CPU.ActiveCfg = Debug|Any CPU
		{988EAA5E-6719-4B5B-B9F6-FD26C04EBBA4}.Debug|Any CPU.Build.0 = Debug|Any CPU
		{988EAA5E-6719-4B5B-B9F6-FD26C04EBBA4}.Release|Any CPU.ActiveCfg = Release|Any CPU
		{988EAA5E-6719-4B5B-B9F6-FD26C04EBBA4}.Release|Any CPU.Build.0 = Release|Any CPU
	EndGlobalSection
	GlobalSection(SolutionProperties) = preSolution
		HideSolutionNode = FALSE
	EndGlobalSection
	GlobalSection(ExtensibilityGlobals) = postSolution
		SolutionGuid = {32CE6C7F-30FD-4179-AA24-DC9A8657EB1E}
	EndGlobalSection
EndGlobal
